
Microsoft Visual Studio Solution File, Format Version 11.00
# Visual Basic Express 2010
Project("{F184B08F-C81C-45F6-A57F-5ABD9991F28F}") = "Web Browser", "Web Browser\Web Browser.vbproj", "{55C3C1D7-E81E-4A1C-B7B7-8C10FE1E09AC}"
EndProject
Global
	GlobalSection(SolutionConfigurationPlatforms) = preSolution
		Debug|x86 = Debug|x86
		Release|x86 = Release|x86
	EndGlobalSection
	GlobalSection(ProjectConfigurationPlatforms) = postSolution
		{55C3C1D7-E81E-4A1C-B7B7-8C10FE1E09AC}.Debug|x86.ActiveCfg = Debug|x86
		{55C3C1D7-E81E-4A1C-B7B7-8C10FE1E09AC}.Debug|x86.Build.0 = Debug|x86
		{55C3C1D7-E81E-4A1C-B7B7-8C10FE1E09AC}.Release|x86.ActiveCfg = Release|x86
		{55C3C1D7-E81E-4A1C-B7B7-8C10FE1E09AC}.Release|x86.Build.0 = Release|x86
	EndGlobalSection
	GlobalSection(SolutionProperties) = preSolution
		HideSolutionNode = FALSE
	EndGlobalSection
EndGlobal
